
Microsoft Visual Studio Solution File, Format Version 12.00
# Visual Studio Version 16
VisualStudioVersion = 16.0.30907.101
MinimumVisualStudioVersion = 10.0.40219.1
Project("{FAE04EC0-301F-11D3-BF4B-00C04F79EFBC}") = "CarSales", "CarSales.csproj", "{7B24986E-3178-4AC7-A482-F3ED47D6C00F}"
EndProject
Global
	GlobalSection(SolutionConfigurationPlatforms) = preSolution
		Debug|Any CPU = Debug|Any CPU
		Release|Any CPU = Release|Any CPU
	EndGlobalSection
	GlobalSection(ProjectConfigurationPlatforms) = postSolution
		{7B24986E-3178-4AC7-A482-F3ED47D6C00F}.Debug|Any CPU.ActiveCfg = Debug|Any CPU
		{7B24986E-3178-4AC7-A482-F3ED47D6C00F}.Debug|Any CPU.Build.0 = Debug|Any CPU
		{7B24986E-3178-4AC7-A482-F3ED47D6C00F}.Release|Any CPU.ActiveCfg = Release|Any CPU
		{7B24986E-3178-4AC7-A482-F3ED47D6C00F}.Release|Any CPU.Build.0 = Release|Any CPU
	EndGlobalSection
	GlobalSection(SolutionProperties) = preSolution
		HideSolutionNode = FALSE
	EndGlobalSection
	GlobalSection(ExtensibilityGlobals) = postSolution
		SolutionGuid = {EF3CA87E-8539-4E56-B29B-B5D0B1370194}
	EndGlobalSection
EndGlobal
